
Microsoft Visual Studio Solution File, Format Version 12.00
# Visual Studio 15
Project("{FAE04EC0-301F-11D3-BF4B-00C04F79EFBC}") = "Assembly-CSharp", "Assembly-CSharp.csproj", "{67791C88-C628-ECCC-BF04-00FF29CB0177}"
EndProject
Project("{FAE04EC0-301F-11D3-BF4B-00C04F79EFBC}") = "Assembly-CSharp-Editor", "Assembly-CSharp-Editor.csproj", "{BC7DC503-B7AE-8C94-DECA-B7F1350721AF}"
EndProject
Project("{FAE04EC0-301F-11D3-BF4B-00C04F79EFBC}") = "GoogleMobileAds.Editor", "GoogleMobileAds.Editor.csproj", "{4196BEFF-C606-5F3E-F2C0-1FF7F4D622EF}"
EndProject
Global
	GlobalSection(SolutionConfigurationPlatforms) = preSolution
		Debug|Any CPU = Debug|Any CPU
		Release|Any CPU = Release|Any CPU
	EndGlobalSection
	GlobalSection(ProjectConfigurationPlatforms) = postSolution
		{67791C88-C628-ECCC-BF04-00FF29CB0177}.Debug|Any CPU.ActiveCfg = Debug|Any CPU
		{67791C88-C628-ECCC-BF04-00FF29CB0177}.Debug|Any CPU.Build.0 = Debug|Any CPU
		{67791C88-C628-ECCC-BF04-00FF29CB0177}.Release|Any CPU.ActiveCfg = Release|Any CPU
		{67791C88-C628-ECCC-BF04-00FF29CB0177}.Release|Any CPU.Build.0 = Release|Any CPU
		{BC7DC503-B7AE-8C94-DECA-B7F1350721AF}.Debug|Any CPU.ActiveCfg = Debug|Any CPU
		{BC7DC503-B7AE-8C94-DECA-B7F1350721AF}.Debug|Any CPU.Build.0 = Debug|Any CPU
		{BC7DC503-B7AE-8C94-DECA-B7F1350721AF}.Release|Any CPU.ActiveCfg = Release|Any CPU
		{BC7DC503-B7AE-8C94-DECA-B7F1350721AF}.Release|Any CPU.Build.0 = Release|Any CPU
		{4196BEFF-C606-5F3E-F2C0-1FF7F4D622EF}.Debug|Any CPU.ActiveCfg = Debug|Any CPU
		{4196BEFF-C606-5F3E-F2C0-1FF7F4D622EF}.Debug|Any CPU.Build.0 = Debug|Any CPU
		{4196BEFF-C606-5F3E-F2C0-1FF7F4D622EF}.Release|Any CPU.ActiveCfg = Release|Any CPU
		{4196BEFF-C606-5F3E-F2C0-1FF7F4D622EF}.Release|Any CPU.Build.0 = Release|Any CPU
	EndGlobalSection
	GlobalSection(SolutionProperties) = preSolution
		HideSolutionNode = FALSE
	EndGlobalSection
EndGlobal
